
Microsoft Visual Studio Solution File, Format Version 12.00
# Visual Studio Version 16
VisualStudioVersion = 16.0.30611.23
MinimumVisualStudioVersion = 10.0.40219.1
Project("{FAE04EC0-301F-11D3-BF4B-00C04F79EFBC}") = "Calculator", "Calculator.csproj", "{10D37210-004D-4AD5-845C-F052E818A634}"
EndProject
Global
	GlobalSection(SolutionConfigurationPlatforms) = preSolution
		Debug|Any CPU = Debug|Any CPU
		Release|Any CPU = Release|Any CPU
	EndGlobalSection
	GlobalSection(ProjectConfigurationPlatforms) = postSolution
		{10D37210-004D-4AD5-845C-F052E818A634}.Debug|Any CPU.ActiveCfg = Debug|Any CPU
		{10D37210-004D-4AD5-845C-F052E818A634}.Debug|Any CPU.Build.0 = Debug|Any CPU
		{10D37210-004D-4AD5-845C-F052E818A634}.Release|Any CPU.ActiveCfg = Release|Any CPU
		{10D37210-004D-4AD5-845C-F052E818A634}.Release|Any CPU.Build.0 = Release|Any CPU
	EndGlobalSection
	GlobalSection(SolutionProperties) = preSolution
		HideSolutionNode = FALSE
	EndGlobalSection
	GlobalSection(ExtensibilityGlobals) = postSolution
		SolutionGuid = {782D95CC-230E-45C8-A2C6-8204B34494B0}
	EndGlobalSection
EndGlobal
